
Microsoft Visual Studio Solution File, Format Version 12.00
# Visual Studio Version 17
VisualStudioVersion = 17.3.32825.248
MinimumVisualStudioVersion = 10.0.40219.1
Project("{FAE04EC0-301F-11D3-BF4B-00C04F79EFBC}") = "QualityAssuranceCSharp", "QualityAssuranceCSharp.csproj", "{17035E46-8ED0-4188-A13F-30F230C41C87}"
EndProject
Project("{9A19103F-16F7-4668-BE54-9A1E7A4F7556}") = "CarTest", "CarTest\CarTest.csproj", "{9ECE7A09-999E-4DB9-B0CD-4BDE84EEA568}"
EndProject
Project("{9A19103F-16F7-4668-BE54-9A1E7A4F7556}") = "CarTest3", "SemiTruck\SemiTruckWheelsTest\CarTest3.csproj", "{88D549CB-898C-4C02-A1E2-DCF680B65B3F}"
EndProject
Project("{9A19103F-16F7-4668-BE54-9A1E7A4F7556}") = "CargoTest3", "CargoItem\CargoTest3\CargoTest3.csproj", "{ED3C0530-2C93-4F0F-99A9-8FB0880F2958}"
EndProject
Project("{9A19103F-16F7-4668-BE54-9A1E7A4F7556}") = "CargoTest4", "CargoTest\CargoTest4\CargoTest4.csproj", "{C2EEA871-CB1E-4EA3-8682-B2E59AFEA7E5}"
EndProject
Project("{9A19103F-16F7-4668-BE54-9A1E7A4F7556}") = "Cartestt2", "CarTest\Cartestt2\Cartestt2.csproj", "{C1DACD73-EF5E-4EE6-8057-76AC376D163E}"
EndProject
Project("{9A19103F-16F7-4668-BE54-9A1E7A4F7556}") = "CarTest4", "CarTest\CarTest4\CarTest4.csproj", "{8E06EF62-15DA-493A-AAD2-548E9D981A19}"
EndProject
Global
	GlobalSection(SolutionConfigurationPlatforms) = preSolution
		Debug|Any CPU = Debug|Any CPU
		Debug|x86 = Debug|x86
		Release|Any CPU = Release|Any CPU
		Release|x86 = Release|x86
	EndGlobalSection
	GlobalSection(ProjectConfigurationPlatforms) = postSolution
		{17035E46-8ED0-4188-A13F-30F230C41C87}.Debug|Any CPU.ActiveCfg = Debug|x86
		{17035E46-8ED0-4188-A13F-30F230C41C87}.Debug|Any CPU.Build.0 = Debug|x86
		{17035E46-8ED0-4188-A13F-30F230C41C87}.Debug|x86.ActiveCfg = Debug|x86
		{17035E46-8ED0-4188-A13F-30F230C41C87}.Debug|x86.Build.0 = Debug|x86
		{17035E46-8ED0-4188-A13F-30F230C41C87}.Release|Any CPU.ActiveCfg = Release|x86
		{17035E46-8ED0-4188-A13F-30F230C41C87}.Release|Any CPU.Build.0 = Release|x86
		{17035E46-8ED0-4188-A13F-30F230C41C87}.Release|x86.ActiveCfg = Release|x86
		{17035E46-8ED0-4188-A13F-30F230C41C87}.Release|x86.Build.0 = Release|x86
		{9ECE7A09-999E-4DB9-B0CD-4BDE84EEA568}.Debug|Any CPU.ActiveCfg = Debug|Any CPU
		{9ECE7A09-999E-4DB9-B0CD-4BDE84EEA568}.Debug|Any CPU.Build.0 = Debug|Any CPU
		{9ECE7A09-999E-4DB9-B0CD-4BDE84EEA568}.Debug|x86.ActiveCfg = Debug|Any CPU
		{9ECE7A09-999E-4DB9-B0CD-4BDE84EEA568}.Debug|x86.Build.0 = Debug|Any CPU
		{9ECE7A09-999E-4DB9-B0CD-4BDE84EEA568}.Release|Any CPU.ActiveCfg = Release|Any CPU
		{9ECE7A09-999E-4DB9-B0CD-4BDE84EEA568}.Release|Any CPU.Build.0 = Release|Any CPU
		{9ECE7A09-999E-4DB9-B0CD-4BDE84EEA568}.Release|x86.ActiveCfg = Release|Any CPU
		{9ECE7A09-999E-4DB9-B0CD-4BDE84EEA568}.Release|x86.Build.0 = Release|Any CPU
		{88D549CB-898C-4C02-A1E2-DCF680B65B3F}.Debug|Any CPU.ActiveCfg = Debug|Any CPU
		{88D549CB-898C-4C02-A1E2-DCF680B65B3F}.Debug|Any CPU.Build.0 = Debug|Any CPU
		{88D549CB-898C-4C02-A1E2-DCF680B65B3F}.Debug|x86.ActiveCfg = Debug|Any CPU
		{88D549CB-898C-4C02-A1E2-DCF680B65B3F}.Debug|x86.Build.0 = Debug|Any CPU
		{88D549CB-898C-4C02-A1E2-DCF680B65B3F}.Release|Any CPU.ActiveCfg = Release|Any CPU
		{88D549CB-898C-4C02-A1E2-DCF680B65B3F}.Release|Any CPU.Build.0 = Release|Any CPU
		{88D549CB-898C-4C02-A1E2-DCF680B65B3F}.Release|x86.ActiveCfg = Release|Any CPU
		{88D549CB-898C-4C02-A1E2-DCF680B65B3F}.Release|x86.Build.0 = Release|Any CPU
		{ED3C0530-2C93-4F0F-99A9-8FB0880F2958}.Debug|Any CPU.ActiveCfg = Debug|Any CPU
		{ED3C0530-2C93-4F0F-99A9-8FB0880F2958}.Debug|Any CPU.Build.0 = Debug|Any CPU
		{ED3C0530-2C93-4F0F-99A9-8FB0880F2958}.Debug|x86.ActiveCfg = Debug|Any CPU
		{ED3C0530-2C93-4F0F-99A9-8FB0880F2958}.Debug|x86.Build.0 = Debug|Any CPU
		{ED3C0530-2C93-4F0F-99A9-8FB0880F2958}.Release|Any CPU.ActiveCfg = Release|Any CPU
		{ED3C0530-2C93-4F0F-99A9-8FB0880F2958}.Release|Any CPU.Build.0 = Release|Any CPU
		{ED3C0530-2C93-4F0F-99A9-8FB0880F2958}.Release|x86.ActiveCfg = Release|Any CPU
		{ED3C0530-2C93-4F0F-99A9-8FB0880F2958}.Release|x86.Build.0 = Release|Any CPU
		{C2EEA871-CB1E-4EA3-8682-B2E59AFEA7E5}.Debug|Any CPU.ActiveCfg = Debug|Any CPU
		{C2EEA871-CB1E-4EA3-8682-B2E59AFEA7E5}.Debug|Any CPU.Build.0 = Debug|Any CPU
		{C2EEA871-CB1E-4EA3-8682-B2E59AFEA7E5}.Debug|x86.ActiveCfg = Debug|Any CPU
		{C2EEA871-CB1E-4EA3-8682-B2E59AFEA7E5}.Debug|x86.Build.0 = Debug|Any CPU
		{C2EEA871-CB1E-4EA3-8682-B2E59AFEA7E5}.Release|Any CPU.ActiveCfg = Release|Any CPU
		{C2EEA871-CB1E-4EA3-8682-B2E59AFEA7E5}.Release|Any CPU.Build.0 = Release|Any CPU
		{C2EEA871-CB1E-4EA3-8682-B2E59AFEA7E5}.Release|x86.ActiveCfg = Release|Any CPU
		{C2EEA871-CB1E-4EA3-8682-B2E59AFEA7E5}.Release|x86.Build.0 = Release|Any CPU
		{C1DACD73-EF5E-4EE6-8057-76AC376D163E}.Debug|Any CPU.ActiveCfg = Debug|Any CPU
		{C1DACD73-EF5E-4EE6-8057-76AC376D163E}.Debug|Any CPU.Build.0 = Debug|Any CPU
		{C1DACD73-EF5E-4EE6-8057-76AC376D163E}.Debug|x86.ActiveCfg = Debug|Any CPU
		{C1DACD73-EF5E-4EE6-8057-76AC376D163E}.Debug|x86.Build.0 = Debug|Any CPU
		{C1DACD73-EF5E-4EE6-8057-76AC376D163E}.Release|Any CPU.ActiveCfg = Release|Any CPU
		{C1DACD73-EF5E-4EE6-8057-76AC376D163E}.Release|Any CPU.Build.0 = Release|Any CPU
		{C1DACD73-EF5E-4EE6-8057-76AC376D163E}.Release|x86.ActiveCfg = Release|Any CPU
		{C1DACD73-EF5E-4EE6-8057-76AC376D163E}.Release|x86.Build.0 = Release|Any CPU
		{8E06EF62-15DA-493A-AAD2-548E9D981A19}.Debug|Any CPU.ActiveCfg = Debug|Any CPU
		{8E06EF62-15DA-493A-AAD2-548E9D981A19}.Debug|Any CPU.Build.0 = Debug|Any CPU
		{8E06EF62-15DA-493A-AAD2-548E9D981A19}.Debug|x86.ActiveCfg = Debug|Any CPU
		{8E06EF62-15DA-493A-AAD2-548E9D981A19}.Debug|x86.Build.0 = Debug|Any CPU
		{8E06EF62-15DA-493A-AAD2-548E9D981A19}.Release|Any CPU.ActiveCfg = Release|Any CPU
		{8E06EF62-15DA-493A-AAD2-548E9D981A19}.Release|Any CPU.Build.0 = Release|Any CPU
		{8E06EF62-15DA-493A-AAD2-548E9D981A19}.Release|x86.ActiveCfg = Release|Any CPU
		{8E06EF62-15DA-493A-AAD2-548E9D981A19}.Release|x86.Build.0 = Release|Any CPU
	EndGlobalSection
	GlobalSection(SolutionProperties) = preSolution
		HideSolutionNode = FALSE
	EndGlobalSection
	GlobalSection(ExtensibilityGlobals) = postSolution
		SolutionGuid = {4D57B9DC-41F3-4456-A236-2798AC67FC75}
	EndGlobalSection
EndGlobal
